// !$*UTF8*$!
{
	archiveVersion = 1;
	classes = {
	};
	objectVersion = 50;
	objects = {

/* Begin PBXBuildFile section */
		CA4C9A0825A1051600AAEFA0 /* basicIncrimentalApp.swift in Sources */ = {isa = PBXBuildFile; fileRef = CA4C9A0725A1051600AAEFA0 /* basicIncrimentalApp.swift */; };
		CA4C9A0A25A1051600AAEFA0 /* ContentView.swift in Sources */ = {isa = PBXBuildFile; fileRef = CA4C9A0925A1051600AAEFA0 /* ContentView.swift */; };
		CA4C9A0C25A1051C00AAEFA0 /* Assets.xcassets in Resources */ = {isa = PBXBuildFile; fileRef = CA4C9A0B25A1051C00AAEFA0 /* Assets.xcassets */; };
		CA4C9A0F25A1051C00AAEFA0 /* Preview Assets.xcassets in Resources */ = {isa = PBXBuildFile; fileRef = CA4C9A0E25A1051C00AAEFA0 /* Preview Assets.xcassets */; };
		CA4C9A1825A2A85800AAEFA0 /* tapper.swift in Sources */ = {isa = PBXBuildFile; fileRef = CA4C9A1725A2A85800AAEFA0 /* tapper.swift */; };
		CA956C1D25A3D4E4001409D0 /* tapperPanel.swift in Sources */ = {isa = PBXBuildFile; fileRef = CA956C1C25A3D4E4001409D0 /* tapperPanel.swift */; };
		CA956C6825ACDC17001409D0 /* store.swift in Sources */ = {isa = PBXBuildFile; fileRef = CA956C6725ACDC17001409D0 /* store.swift */; };
/* End PBXBuildFile section */

/* Begin PBXFileReference section */
		CA4C9A0425A1051600AAEFA0 /* basicIncrimental.app */ = {isa = PBXFileReference; explicitFileType = wrapper.application; includeInIndex = 0; path = basicIncrimental.app; sourceTree = BUILT_PRODUCTS_DIR; };
		CA4C9A0725A1051600AAEFA0 /* basicIncrimentalApp.swift */ = {isa = PBXFileReference; lastKnownFileType = sourcecode.swift; path = basicIncrimentalApp.swift; sourceTree = "<group>"; };
		CA4C9A0925A1051600AAEFA0 /* ContentView.swift */ = {isa = PBXFileReference; lastKnownFileType = sourcecode.swift; path = ContentView.swift; sourceTree = "<group>"; };
		CA4C9A0B25A1051C00AAEFA0 /* Assets.xcassets */ = {isa = PBXFileReference; lastKnownFileType = folder.assetcatalog; path = Assets.xcassets; sourceTree = "<group>"; };
		CA4C9A0E25A1051C00AAEFA0 /* Preview Assets.xcassets */ = {isa = PBXFileReference; lastKnownFileType = folder.assetcatalog; path = "Preview Assets.xcassets"; sourceTree = "<group>"; };
		CA4C9A1025A1051C00AAEFA0 /* Info.plist */ = {isa = PBXFileReference; lastKnownFileType = text.plist.xml; path = Info.plist; sourceTree = "<group>"; };
		CA4C9A1725A2A85800AAEFA0 /* tapper.swift */ = {isa = PBXFileReference; lastKnownFileType = sourcecode.swift; path = tapper.swift; sourceTree = "<group>"; };
		CA956C1C25A3D4E4001409D0 /* tapperPanel.swift */ = {isa = PBXFileReference; lastKnownFileType = sourcecode.swift; path = tapperPanel.swift; sourceTree = "<group>"; };
		CA956C6725ACDC17001409D0 /* store.swift */ = {isa = PBXFileReference; lastKnownFileType = sourcecode.swift; path = store.swift; sourceTree = "<group>"; };
/* End PBXFileReference section */

/* Begin PBXFrameworksBuildPhase section */
		CA4C9A0125A1051600AAEFA0 /* Frameworks */ = {
			isa = PBXFrameworksBuildPhase;
			buildActionMask = 2147483647;
			files = (
			);
			runOnlyForDeploymentPostprocessing = 0;
		};
/* End PBXFrameworksBuildPhase section */

/* Begin PBXGroup section */
		CA4C99FB25A1051600AAEFA0 = {
			isa = PBXGroup;
			children = (
				CA4C9A0625A1051600AAEFA0 /* basicIncrimental */,
				CA4C9A0525A1051600AAEFA0 /* Products */,
			);
			sourceTree = "<group>";
		};
		CA4C9A0525A1051600AAEFA0 /* Products */ = {
			isa = PBXGroup;
			children = (
				CA4C9A0425A1051600AAEFA0 /* basicIncrimental.app */,
			);
			name = Products;
			sourceTree = "<group>";
		};
		CA4C9A0625A1051600AAEFA0 /* basicIncrimental */ = {
			isa = PBXGroup;
			children = (
				CA4C9A0725A1051600AAEFA0 /* basicIncrimentalApp.swift */,
				CA4C9A0925A1051600AAEFA0 /* ContentView.swift */,
				CA4C9A1725A2A85800AAEFA0 /* tapper.swift */,
				CA956C1C25A3D4E4001409D0 /* tapperPanel.swift */,
				CA956C6725ACDC17001409D0 /* store.swift */,
				CA4C9A0B25A1051C00AAEFA0 /* Assets.xcassets */,
				CA4C9A1025A1051C00AAEFA0 /* Info.plist */,
				CA4C9A0D25A1051C00AAEFA0 /* Preview Content */,
			);
			path = basicIncrimental;
			sourceTree = "<group>";
		};
		CA4C9A0D25A1051C00AAEFA0 /* Preview Content */ = {
			isa = PBXGroup;
			children = (
				CA4C9A0E25A1051C00AAEFA0 /* Preview Assets.xcassets */,
			);
			path = "Preview Content";
			sourceTree = "<group>";
		};
/* End PBXGroup section */

/* Begin PBXNativeTarget section */
		CA4C9A0325A1051600AAEFA0 /* basicIncrimental */ = {
			isa = PBXNativeTarget;
			buildConfigurationList = CA4C9A1325A1051C00AAEFA0 /* Build configuration list for PBXNativeTarget "basicIncrimental" */;
			buildPhases = (
				CA4C9A0025A1051600AAEFA0 /* Sources */,
				CA4C9A0125A1051600AAEFA0 /* Frameworks */,
				CA4C9A0225A1051600AAEFA0 /* Resources */,
			);
			buildRules = (
			);
			dependencies = (
			);
			name = basicIncrimental;
			productName = basicIncrimental;
			productReference = CA4C9A0425A1051600AAEFA0 /* basicIncrimental.app */;
			productType = "com.apple.product-type.application";
		};
/* End PBXNativeTarget section */

/* Begin PBXProject section */
		CA4C99FC25A1051600AAEFA0 /* Project object */ = {
			isa = PBXProject;
			attributes = {
				LastSwiftUpdateCheck = 1220;
				LastUpgradeCheck = 1220;
				TargetAttributes = {
					CA4C9A0325A1051600AAEFA0 = {
						CreatedOnToolsVersion = 12.2;
					};
				};
			};
			buildConfigurationList = CA4C99FF25A1051600AAEFA0 /* Build configuration list for PBXProject "basicIncrimental" */;
			compatibilityVersion = "Xcode 9.3";
			developmentRegion = en;
			hasScannedForEncodings = 0;
			knownRegions = (
				en,
				Base,
			);
			mainGroup = CA4C99FB25A1051600AAEFA0;
			productRefGroup = CA4C9A0525A1051600AAEFA0 /* Products */;
			projectDirPath = "";
			projectRoot = "";
			targets = (
				CA4C9A0325A1051600AAEFA0 /* basicIncrimental */,
			);
		};
/* End PBXProject section */

/* Begin PBXResourcesBuildPhase section */
		CA4C9A0225A1051600AAEFA0 /* Resources */ = {
			isa = PBXResourcesBuildPhase;
			buildActionMask = 2147483647;
			files = (
				CA4C9A0F25A1051C00AAEFA0 /* Preview Assets.xcassets in Resources */,
				CA4C9A0C25A1051C00AAEFA0 /* Assets.xcassets in Resources */,
			);
			runOnlyForDeploymentPostprocessing = 0;
		};
/* End PBXResourcesBuildPhase section */

/* Begin PBXSourcesBuildPhase section */
		CA4C9A0025A1051600AAEFA0 /* Sources */ = {
			isa = PBXSourcesBuildPhase;
			buildActionMask = 2147483647;
			files = (
				CA956C1D25A3D4E4001409D0 /* tapperPanel.swift in Sources */,
				CA4C9A0A25A1051600AAEFA0 /* ContentView.swift in Sources */,
				CA4C9A0825A1051600AAEFA0 /* basicIncrimentalApp.swift in Sources */,
				CA4C9A1825A2A85800AAEFA0 /* tapper.swift in Sources */,
				CA956C6825ACDC17001409D0 /* store.swift in Sources */,
			);
			runOnlyForDeploymentPostprocessing = 0;
		};
/* End PBXSourcesBuildPhase section */

/* Begin XCBuildConfiguration section */
		CA4C9A1125A1051C00AAEFA0 /* Debug */ = {
			isa = XCBuildConfiguration;
			buildSettings = {
				ALWAYS_SEARCH_USER_PATHS = NO;
				CLANG_ANALYZER_NONNULL = YES;
				CLANG_ANALYZER_NUMBER_OBJECT_CONVERSION = YES_AGGRESSIVE;
				CLANG_CXX_LANGUAGE_STANDARD = "gnu++14";
				CLANG_CXX_LIBRARY = "libc++";
				CLANG_ENABLE_MODULES = YES;
				CLANG_ENABLE_OBJC_ARC = YES;
				CLANG_ENABLE_OBJC_WEAK = YES;
				CLANG_WARN_BLOCK_CAPTURE_AUTORELEASING = YES;
				CLANG_WARN_BOOL_CONVERSION = YES;
				CLANG_WARN_COMMA = YES;
				CLANG_WARN_CONSTANT_CONVERSION = YES;
				CLANG_WARN_DEPRECATED_OBJC_IMPLEMENTATIONS = YES;
				CLANG_WARN_DIRECT_OBJC_ISA_USAGE = YES_ERROR;
				CLANG_WARN_DOCUMENTATION_COMMENTS = YES;
				CLANG_WARN_EMPTY_BODY = YES;
				CLANG_WARN_ENUM_CONVERSION = YES;
				CLANG_WARN_INFINITE_RECURSION = YES;
				CLANG_WARN_INT_CONVERSION = YES;
				CLANG_WARN_NON_LITERAL_NULL_CONVERSION = YES;
				CLANG_WARN_OBJC_IMPLICIT_RETAIN_SELF = YES;
				CLANG_WARN_OBJC_LITERAL_CONVERSION = YES;
				CLANG_WARN_OBJC_ROOT_CLASS = YES_ERROR;
				CLANG_WARN_QUOTED_INCLUDE_IN_FRAMEWORK_HEADER = YES;
				CLANG_WARN_RANGE_LOOP_ANALYSIS = YES;
				CLANG_WARN_STRICT_PROTOTYPES = YES;
				CLANG_WARN_SUSPICIOUS_MOVE = YES;
				CLANG_WARN_UNGUARDED_AVAILABILITY = YES_AGGRESSIVE;
				CLANG_WARN_UNREACHABLE_CODE = YES;
				CLANG_WARN__DUPLICATE_METHOD_MATCH = YES;
				COPY_PHASE_STRIP = NO;
				DEBUG_INFORMATION_FORMAT = dwarf;
				ENABLE_STRICT_OBJC_MSGSEND = YES;
				ENABLE_TESTABILITY = YES;
				GCC_C_LANGUAGE_STANDARD = gnu11;
				GCC_DYNAMIC_NO_PIC = NO;
				GCC_NO_COMMON_BLOCKS = YES;
				GCC_OPTIMIZATION_LEVEL = 0;
				GCC_PREPROCESSOR_DEFINITIONS = (
					"DEBUG=1",
					"$(inherited)",
				);
				GCC_WARN_64_TO_32_BIT_CONVERSION = YES;
				GCC_WARN_ABOUT_RETURN_TYPE = YES_ERROR;
				GCC_WARN_UNDECLARED_SELECTOR = YES;
				GCC_WARN_UNINITIALIZED_AUTOS = YES_AGGRESSIVE;
				GCC_WARN_UNUSED_FUNCTION = YES;
				GCC_WARN_UNUSED_VARIABLE = YES;
				IPHONEOS_DEPLOYMENT_TARGET = 14.2;
				MTL_ENABLE_DEBUG_INFO = INCLUDE_SOURCE;
				MTL_FAST_MATH = YES;
				ONLY_ACTIVE_ARCH = YES;
				SDKROOT = iphoneos;
				SWIFT_ACTIVE_COMPILATION_CONDITIONS = DEBUG;
				SWIFT_OPTIMIZATION_LEVEL = "-Onone";
			};
			name = Debug;
		};
		CA4C9A1225A1051C00AAEFA0 /* Release */ = {
			isa = XCBuildConfiguration;
			buildSettings = {
				ALWAYS_SEARCH_USER_PATHS = NO;
				CLANG_ANALYZER_NONNULL = YES;
				CLANG_ANALYZER_NUMBER_OBJECT_CONVERSION = YES_AGGRESSIVE;
				CLANG_CXX_LANGUAGE_STANDARD = "gnu++14";
				CLANG_CXX_LIBRARY = "libc++";
				CLANG_ENABLE_MODULES = YES;
				CLANG_ENABLE_OBJC_ARC = YES;
				CLANG_ENABLE_OBJC_WEAK = YES;
				CLANG_WARN_BLOCK_CAPTURE_AUTORELEASING = YES;
				CLANG_WARN_BOOL_CONVERSION = YES;
				CLANG_WARN_COMMA = YES;
				CLANG_WARN_CONSTANT_CONVERSION = YES;
				CLANG_WARN_DEPRECATED_OBJC_IMPLEMENTATIONS = YES;
				CLANG_WARN_DIRECT_OBJC_ISA_USAGE = YES_ERROR;
				CLANG_WARN_DOCUMENTATION_COMMENTS = YES;
				CLANG_WARN_EMPTY_BODY = YES;
				CLANG_WARN_ENUM_CONVERSION = YES;
				CLANG_WARN_INFINITE_RECURSION = YES;
				CLANG_WARN_INT_CONVERSION = YES;
				CLANG_WARN_NON_LITERAL_NULL_CONVERSION = YES;
				CLANG_WARN_OBJC_IMPLICIT_RETAIN_SELF = YES;
				CLANG_WARN_OBJC_LITERAL_CONVERSION = YES;
				CLANG_WARN_OBJC_ROOT_CLASS = YES_ERROR;
				CLANG_WARN_QUOTED_INCLUDE_IN_FRAMEWORK_HEADER = YES;
				CLANG_WARN_RANGE_LOOP_ANALYSIS = YES;
				CLANG_WARN_STRICT_PROTOTYPES = YES;
				CLANG_WARN_SUSPICIOUS_MOVE = YES;
				CLANG_WARN_UNGUARDED_AVAILABILITY = YES_AGGRESSIVE;
				CLANG_WARN_UNREACHABLE_CODE = YES;
				CLANG_WARN__DUPLICATE_METHOD_MATCH = YES;
				COPY_PHASE_STRIP = NO;
				DEBUG_INFORMATION_FORMAT = "dwarf-with-dsym";
				ENABLE_NS_ASSERTIONS = NO;
				ENABLE_STRICT_OBJC_MSGSEND = YES;
				GCC_C_LANGUAGE_STANDARD = gnu11;
				GCC_NO_COMMON_BLOCKS = YES;
				GCC_WARN_64_TO_32_BIT_CONVERSION = YES;
				GCC_WARN_ABOUT_RETURN_TYPE = YES_ERROR;
				GCC_WARN_UNDECLARED_SELECTOR = YES;
				GCC_WARN_UNINITIALIZED_AUTOS = YES_AGGRESSIVE;
				GCC_WARN_UNUSED_FUNCTION = YES;
				GCC_WARN_UNUSED_VARIABLE = YES;
				IPHONEOS_DEPLOYMENT_TARGET = 14.2;
				MTL_ENABLE_DEBUG_INFO = NO;
				MTL_FAST_MATH = YES;
				SDKROOT = iphoneos;
				SWIFT_COMPILATION_MODE = wholemodule;
				SWIFT_OPTIMIZATION_LEVEL = "-O";
				VALIDATE_PRODUCT = YES;
			};
			name = Release;
		};
		CA4C9A1425A1051C00AAEFA0 /* Debug */ = {
			isa = XCBuildConfiguration;
			buildSettings = {
				ASSETCATALOG_COMPILER_APPICON_NAME = AppIcon;
				ASSETCATALOG_COMPILER_GLOBAL_ACCENT_COLOR_NAME = AccentColor;
				CODE_SIGN_STYLE = Automatic;
				DEVELOPMENT_ASSET_PATHS = "\"basicIncrimental/Preview Content\"";
				DEVELOPMENT_TEAM = QXBCWZPDU5;
				ENABLE_PREVIEWS = YES;
				INFOPLIST_FILE = basicIncrimental/Info.plist;
				IPHONEOS_DEPLOYMENT_TARGET = 14.0;
				LD_RUNPATH_SEARCH_PATHS = (
					"$(inherited)",
					"@executable_path/Frameworks",
				);
				PRODUCT_BUNDLE_IDENTIFIER = ParabolaProductions.basicIncrimental;
				PRODUCT_NAME = "$(TARGET_NAME)";
				SWIFT_VERSION = 5.0;
				TARGETED_DEVICE_FAMILY = "1,2";
			};
			name = Debug;
		};
		CA4C9A1525A1051C00AAEFA0 /* Release */ = {
			isa = XCBuildConfiguration;
			buildSettings = {
				ASSETCATALOG_COMPILER_APPICON_NAME = AppIcon;
				ASSETCATALOG_COMPILER_GLOBAL_ACCENT_COLOR_NAME = AccentColor;
				CODE_SIGN_STYLE = Automatic;
				DEVELOPMENT_ASSET_PATHS = "\"basicIncrimental/Preview Content\"";
				DEVELOPMENT_TEAM = QXBCWZPDU5;
				ENABLE_PREVIEWS = YES;
				INFOPLIST_FILE = basicIncrimental/Info.plist;
				IPHONEOS_DEPLOYMENT_TARGET = 14.0;
				LD_RUNPATH_SEARCH_PATHS = (
					"$(inherited)",
					"@executable_path/Frameworks",
				);
				PRODUCT_BUNDLE_IDENTIFIER = ParabolaProductions.basicIncrimental;
				PRODUCT_NAME = "$(TARGET_NAME)";
				SWIFT_VERSION = 5.0;
				TARGETED_DEVICE_FAMILY = "1,2";
			};
			name = Release;
		};
/* End XCBuildConfiguration section */

/* Begin XCConfigurationList section */
		CA4C99FF25A1051600AAEFA0 /* Build configuration list for PBXProject "basicIncrimental" */ = {
			isa = XCConfigurationList;
			buildConfigurations = (
				CA4C9A1125A1051C00AAEFA0 /* Debug */,
				CA4C9A1225A1051C00AAEFA0 /* Release */,
			);
			defaultConfigurationIsVisible = 0;
			defaultConfigurationName = Release;
		};
		CA4C9A1325A1051C00AAEFA0 /* Build configuration list for PBXNativeTarget "basicIncrimental" */ = {
			isa = XCConfigurationList;
			buildConfigurations = (
				CA4C9A1425A1051C00AAEFA0 /* Debug */,
				CA4C9A1525A1051C00AAEFA0 /* Release */,
			);
			defaultConfigurationIsVisible = 0;
			defaultConfigurationName = Release;
		};
/* End XCConfigurationList section */
	};
	rootObject = CA4C99FC25A1051600AAEFA0 /* Project object */;
}
